
Microsoft Visual Studio Solution File, Format Version 12.00
# Visual Studio Version 17
VisualStudioVersion = 17.4.33213.308
MinimumVisualStudioVersion = 10.0.40219.1
Project("{9A19103F-16F7-4668-BE54-9A1E7A4F7556}") = "OOP_3", "OOP7\OOP_3.csproj", "{C256BB74-D4EF-4FF1-AEDD-564868017094}"
EndProject
Global
	GlobalSection(SolutionConfigurationPlatforms) = preSolution
		Debug|Any CPU = Debug|Any CPU
		Release|Any CPU = Release|Any CPU
	EndGlobalSection
	GlobalSection(ProjectConfigurationPlatforms) = postSolution
		{C256BB74-D4EF-4FF1-AEDD-564868017094}.Debug|Any CPU.ActiveCfg = Debug|Any CPU
		{C256BB74-D4EF-4FF1-AEDD-564868017094}.Debug|Any CPU.Build.0 = Debug|Any CPU
		{C256BB74-D4EF-4FF1-AEDD-564868017094}.Release|Any CPU.ActiveCfg = Release|Any CPU
		{C256BB74-D4EF-4FF1-AEDD-564868017094}.Release|Any CPU.Build.0 = Release|Any CPU
	EndGlobalSection
	GlobalSection(SolutionProperties) = preSolution
		HideSolutionNode = FALSE
	EndGlobalSection
	GlobalSection(ExtensibilityGlobals) = postSolution
		SolutionGuid = {D5C5346A-BE92-490A-9670-6B09100F559A}
	EndGlobalSection
EndGlobal
