
Microsoft Visual Studio Solution File, Format Version 12.00
# Visual Studio Version 17
VisualStudioVersion = 17.4.33213.308
MinimumVisualStudioVersion = 10.0.40219.1
Project("{FAE04EC0-301F-11D3-BF4B-00C04F79EFBC}") = "Lab_2", "oop2\Lab_2.csproj", "{B2E79B11-6529-436D-BFBE-9793007B116E}"
EndProject
Global
	GlobalSection(SolutionConfigurationPlatforms) = preSolution
		Debug|Any CPU = Debug|Any CPU
		Release|Any CPU = Release|Any CPU
	EndGlobalSection
	GlobalSection(ProjectConfigurationPlatforms) = postSolution
		{B2E79B11-6529-436D-BFBE-9793007B116E}.Debug|Any CPU.ActiveCfg = Debug|Any CPU
		{B2E79B11-6529-436D-BFBE-9793007B116E}.Debug|Any CPU.Build.0 = Debug|Any CPU
		{B2E79B11-6529-436D-BFBE-9793007B116E}.Release|Any CPU.ActiveCfg = Release|Any CPU
		{B2E79B11-6529-436D-BFBE-9793007B116E}.Release|Any CPU.Build.0 = Release|Any CPU
	EndGlobalSection
	GlobalSection(SolutionProperties) = preSolution
		HideSolutionNode = FALSE
	EndGlobalSection
	GlobalSection(ExtensibilityGlobals) = postSolution
		SolutionGuid = {EC4E6F75-4AFA-43B0-9297-9C86DF03DD45}
	EndGlobalSection
EndGlobal
